
Microsoft Visual Studio Solution File, Format Version 12.00
# Visual Studio Version 17
VisualStudioVersion = 17.5.002.0
MinimumVisualStudioVersion = 10.0.40219.1
Project("{2150E333-8FDC-42A3-9474-1A3956D46DE8}") = "01_if_challenge_csharp", "01_if_challenge_csharp", "{4E432545-B05E-45F1-A7A6-047B63C80CFF}"
EndProject
Project("{9A19103F-16F7-4668-BE54-9A1E7A4F7556}") = "Application", "01_if_challenge_csharp\Application\Application.csproj", "{378110AA-C638-4F39-909B-9E678F791749}"
EndProject
Project("{2150E333-8FDC-42A3-9474-1A3956D46DE8}") = "02_if_rule_engine_csharp", "02_if_rule_engine_csharp", "{886525A5-286C-412E-9C3A-3E6452A06F0A}"
EndProject
Project("{9A19103F-16F7-4668-BE54-9A1E7A4F7556}") = "Application", "02_if_rule_engine_csharp\Application\Application.csproj", "{40CA16EB-47CA-4DE2-9BA4-32F25D25E8AC}"
EndProject
Project("{2150E333-8FDC-42A3-9474-1A3956D46DE8}") = "05_eat_switch_case_csharp", "05_eat_switch_case_csharp", "{631704CA-1CFF-4912-9183-3A9114BE6A12}"
EndProject
Project("{9A19103F-16F7-4668-BE54-9A1E7A4F7556}") = "Application", "05_eat_switch_case_csharp\Application\Application.csproj", "{0BC3B991-DA5D-4DBA-8985-A0B2CFCE620B}"
EndProject
Project("{2150E333-8FDC-42A3-9474-1A3956D46DE8}") = "04_constants_to_enum_csharp", "04_constants_to_enum_csharp", "{A097A450-15BD-401A-8204-E24A3B4D177E}"
EndProject
Project("{9A19103F-16F7-4668-BE54-9A1E7A4F7556}") = "Application", "04_constants_to_enum_csharp\Application\Application.csproj", "{D3C43D51-CC88-4E1B-97A2-4E7EC3DAE2FE}"
EndProject
Project("{2150E333-8FDC-42A3-9474-1A3956D46DE8}") = "03_find_switch_with_rust", "03_find_switch_with_rust", "{88C01501-352E-4A12-97F1-02F6CADB9151}"
EndProject
Project("{2150E333-8FDC-42A3-9474-1A3956D46DE8}") = "Application", "Application", "{C7B53896-0633-4B1F-A5C8-D9302C48C6D9}"
EndProject
Project("{9A19103F-16F7-4668-BE54-9A1E7A4F7556}") = "BusinessLib", "03_find_switch_with_rust\Application\BusinessLib\BusinessLib.csproj", "{77C42CDA-B969-478F-9268-C44E2C0159E0}"
EndProject
Project("{2150E333-8FDC-42A3-9474-1A3956D46DE8}") = "07_remembering_events", "07_remembering_events", "{E1F1C776-95A2-4AB3-8F5F-A6F13A435BE5}"
EndProject
Project("{9A19103F-16F7-4668-BE54-9A1E7A4F7556}") = "Application", "07_remembering_events\Application\Application.csproj", "{AA8010EB-D207-4134-9655-7E80E0743FEE}"
EndProject
Project("{9A19103F-16F7-4668-BE54-9A1E7A4F7556}") = "08_dependencies", "08_dependencies\08_dependencies.csproj", "{FF307281-F0E7-4060-9F62-7D253677477D}"
EndProject
Project("{9A19103F-16F7-4668-BE54-9A1E7A4F7556}") = "00_common_tests", "00_common_tests\00_common_tests.csproj", "{12A7B180-0D28-40B5-A4C4-272C71F637FC}"
EndProject
Project("{9A19103F-16F7-4668-BE54-9A1E7A4F7556}") = "09_mocking", "09_mocking\09_mocking.csproj", "{14D1A771-A2E2-4DE2-B7A7-1C6138A9E8C4}"
EndProject
Project("{9A19103F-16F7-4668-BE54-9A1E7A4F7556}") = "09_mocking_tests", "09_mocking_tests\09_mocking_tests.csproj", "{2485549A-C3E4-4DD1-80EE-FA2899ED74F1}"
EndProject
Project("{9A19103F-16F7-4668-BE54-9A1E7A4F7556}") = "10_plug_in_programming_sdk", "10_plug_in_programming_sdk\10_plug_in_programming_sdk.csproj", "{C86CAA35-C93D-45AA-BC1A-3530DD048E41}"
EndProject
Project("{9A19103F-16F7-4668-BE54-9A1E7A4F7556}") = "10_plug_in_programming", "10_plug_in_programming\10_plug_in_programming.csproj", "{71FC3C08-361F-4709-AE13-09B699833373}"
EndProject
Project("{9A19103F-16F7-4668-BE54-9A1E7A4F7556}") = "10_plug_in_programming_sdk_tests", "10_plug_in_programming_sdk_tests\10_plug_in_programming_sdk_tests.csproj", "{E0BFC2F9-96BA-4A96-9562-97DA2B656BE3}"
EndProject
Project("{9A19103F-16F7-4668-BE54-9A1E7A4F7556}") = "11_FearOfTheDark", "11_FearOfTheDark\11_FearOfTheDark.csproj", "{D7A3ED92-048E-4789-85A2-15D58D885347}"
EndProject
Project("{9A19103F-16F7-4668-BE54-9A1E7A4F7556}") = "11_HighwayToHell", "11_HighwayToHell\11_HighwayToHell.csproj", "{5A23BE2E-EC8D-4515-88FC-F6AAF8B8BF34}"
EndProject
Project("{9A19103F-16F7-4668-BE54-9A1E7A4F7556}") = "11_MasterOfPuppets", "11_MasterOfPuppets\11_MasterOfPuppets.csproj", "{AF1EE3FD-EE2B-4D4D-9FAA-B29CC449457A}"
EndProject
Project("{9A19103F-16F7-4668-BE54-9A1E7A4F7556}") = "11_Paranoid", "11_Paranoid\11_Paranoid.csproj", "{FC401561-1259-4389-96DF-1C6B05E22031}"
EndProject
Project("{9A19103F-16F7-4668-BE54-9A1E7A4F7556}") = "11_SymphonyOfDestruction", "11_SymphonyOfDestruction\11_SymphonyOfDestruction.csproj", "{BC442D6D-F43E-4AB9-B2E7-AEBAC3800001}"
EndProject
Project("{9A19103F-16F7-4668-BE54-9A1E7A4F7556}") = "12_Green_Coding_Case", "12_Green_Coding_Case\12_Green_Coding_Case.csproj", "{D26D73F7-223D-42D0-8150-D450D536A468}"
EndProject
Project("{2150E333-8FDC-42A3-9474-1A3956D46DE8}") = "13_resilience_strategies_retry", "13_resilience_strategies_retry", "{06C3D200-DC96-4E78-ACA0-4B26C4735424}"
EndProject
Project("{9A19103F-16F7-4668-BE54-9A1E7A4F7556}") = "GameSalaryApi", "13_resilience_strategies_retry\GameSalaryApi\GameSalaryApi.csproj", "{97434E41-536A-4E5A-83E1-76C9A7BA8532}"
EndProject
Project("{9A19103F-16F7-4668-BE54-9A1E7A4F7556}") = "GameSalary.Client", "13_resilience_strategies_retry\GameSalary.Client\GameSalary.Client.csproj", "{3A5F98C8-B9F8-44A3-8271-80EBEA6DECF9}"
EndProject
Project("{9A19103F-16F7-4668-BE54-9A1E7A4F7556}") = "GameSalaryApi.Tests", "13_resilience_strategies_retry\GameSalaryApi.Tests\GameSalaryApi.Tests.csproj", "{A4750E48-AE97-4EC6-AC16-82B902A753DC}"
EndProject
Project("{9A19103F-16F7-4668-BE54-9A1E7A4F7556}") = "14_find_words_count", "14_find_words_count\14_find_words_count.csproj", "{3AEFD175-D6F2-4FF1-B081-ADF4B3C3AB21}"
EndProject
Project("{2150E333-8FDC-42A3-9474-1A3956D46DE8}") = "15_using_refit", "15_using_refit", "{CDF95B48-0D3D-43C1-A970-7A4CF9BC0E42}"
EndProject
Project("{9A19103F-16F7-4668-BE54-9A1E7A4F7556}") = "RecipeApi", "15_using_refit\RecipeApi\RecipeApi.csproj", "{C52D5AC7-CB51-40F7-8103-969B1A9DE291}"
EndProject
Project("{9A19103F-16F7-4668-BE54-9A1E7A4F7556}") = "RecipeClient", "15_using_refit\RecipeClient\RecipeClient.csproj", "{412EF2A1-99D9-4A5B-AE68-09996EC91655}"
EndProject
Project("{2150E333-8FDC-42A3-9474-1A3956D46DE8}") = "10_plug_in_dev", "10_plug_in_dev", "{DC0F70DA-8B04-4D2A-A5CD-DCFD69CA0936}"
EndProject
Project("{2150E333-8FDC-42A3-9474-1A3956D46DE8}") = "11_solid", "11_solid", "{9BFE21B6-C432-472A-B983-BA864CCA87DC}"
EndProject
Project("{2150E333-8FDC-42A3-9474-1A3956D46DE8}") = "09_mock", "09_mock", "{A5D5F58A-94D9-498E-B20F-1856F6A3B11D}"
EndProject
Project("{2150E333-8FDC-42A3-9474-1A3956D46DE8}") = "00_testing", "00_testing", "{77A411E8-CFE7-4096-B7AC-A28B7F75F1B1}"
EndProject
Project("{2150E333-8FDC-42A3-9474-1A3956D46DE8}") = "08_dependency_mng", "08_dependency_mng", "{D57179E8-DCEC-4226-BB4A-7ADA0F8BCE09}"
EndProject
Project("{2150E333-8FDC-42A3-9474-1A3956D46DE8}") = "12_green_code", "12_green_code", "{EBECA0A9-D4BA-44EB-8B98-A4E00E0008DB}"
EndProject
Project("{2150E333-8FDC-42A3-9474-1A3956D46DE8}") = "14_versus_rust", "14_versus_rust", "{DED211E3-46E5-4EED-BC27-F450FA880315}"
EndProject
Project("{2150E333-8FDC-42A3-9474-1A3956D46DE8}") = "16_Specification_Pattern", "16_Specification_Pattern", "{96513259-85D2-4F23-A7EE-C698A9C60FB4}"
EndProject
Project("{FAE04EC0-301F-11D3-BF4B-00C04F79EFBC}") = "Application", "16_Specification_Pattern\Application\Application.csproj", "{F96C2538-F376-4791-88B3-5E7B4560B579}"
EndProject
Project("{FAE04EC0-301F-11D3-BF4B-00C04F79EFBC}") = "Azon.SDK", "17_oop_adventure\Azon.SDK\Azon.SDK.csproj", "{4E188484-ABC7-4B24-ACA5-5479DB8EB20C}"
EndProject
Project("{2150E333-8FDC-42A3-9474-1A3956D46DE8}") = "17_oop_adventure", "17_oop_adventure", "{A51A1131-E650-49E8-BFAA-AF0279CC0BCF}"
EndProject
Project("{FAE04EC0-301F-11D3-BF4B-00C04F79EFBC}") = "Azon.Persistence", "17_oop_adventure\Azon.Persistence\Azon.Persistence.csproj", "{91544448-0C8E-4FA3-BB42-581D708F634E}"
EndProject
Project("{FAE04EC0-301F-11D3-BF4B-00C04F79EFBC}") = "Azon.Editor", "17_oop_adventure\Azon.Editor\Azon.Editor.csproj", "{8B251FD9-8F40-458B-AF76-C660AFA3F51F}"
EndProject
Project("{2150E333-8FDC-42A3-9474-1A3956D46DE8}") = "Solution Items", "Solution Items", "{7A61DD21-2AFC-4F44-814B-B5F853059885}"
	ProjectSection(SolutionItems) = preProject
		README.md = README.md
	EndProjectSection
EndProject
Project("{2150E333-8FDC-42A3-9474-1A3956D46DE8}") = "18_testventure", "18_testventure", "{DD742BB5-BC5A-4AEC-BD44-84029E122438}"
	ProjectSection(SolutionItems) = preProject
		Usage.md = Usage.md
	EndProjectSection
EndProject
Project("{FAE04EC0-301F-11D3-BF4B-00C04F79EFBC}") = "GameWorld.Business", "18_testventure\GameWorld.Business\GameWorld.Business.csproj", "{87BCCACB-F7F9-4581-8FDB-1F557897BF99}"
EndProject
Project("{FAE04EC0-301F-11D3-BF4B-00C04F79EFBC}") = "GameWorld.Business.Tests", "18_testventure\GameWorld.Business.Tests\GameWorld.Business.Tests.csproj", "{A8E2937A-2D5A-4A2F-9961-D0A4355D6BB8}"
EndProject
Project("{2150E333-8FDC-42A3-9474-1A3956D46DE8}") = "19_runtime_trace", "19_runtime_trace", "{02EA681E-C7D8-13C7-8484-4AC65E1B71E8}"
EndProject
Project("{FAE04EC0-301F-11D3-BF4B-00C04F79EFBC}") = "Application", "19_runtime_trace\Application\Application.csproj", "{2ADA1BAB-CEFB-4237-8E7C-4D0D345925AB}"
EndProject
Global
	GlobalSection(SolutionConfigurationPlatforms) = preSolution
		Debug|Any CPU = Debug|Any CPU
		Release|Any CPU = Release|Any CPU
	EndGlobalSection
	GlobalSection(ProjectConfigurationPlatforms) = postSolution
		{378110AA-C638-4F39-909B-9E678F791749}.Debug|Any CPU.ActiveCfg = Debug|Any CPU
		{378110AA-C638-4F39-909B-9E678F791749}.Debug|Any CPU.Build.0 = Debug|Any CPU
		{378110AA-C638-4F39-909B-9E678F791749}.Release|Any CPU.ActiveCfg = Release|Any CPU
		{378110AA-C638-4F39-909B-9E678F791749}.Release|Any CPU.Build.0 = Release|Any CPU
		{40CA16EB-47CA-4DE2-9BA4-32F25D25E8AC}.Debug|Any CPU.ActiveCfg = Debug|Any CPU
		{40CA16EB-47CA-4DE2-9BA4-32F25D25E8AC}.Debug|Any CPU.Build.0 = Debug|Any CPU
		{40CA16EB-47CA-4DE2-9BA4-32F25D25E8AC}.Release|Any CPU.ActiveCfg = Release|Any CPU
		{40CA16EB-47CA-4DE2-9BA4-32F25D25E8AC}.Release|Any CPU.Build.0 = Release|Any CPU
		{0BC3B991-DA5D-4DBA-8985-A0B2CFCE620B}.Debug|Any CPU.ActiveCfg = Debug|Any CPU
		{0BC3B991-DA5D-4DBA-8985-A0B2CFCE620B}.Debug|Any CPU.Build.0 = Debug|Any CPU
		{0BC3B991-DA5D-4DBA-8985-A0B2CFCE620B}.Release|Any CPU.ActiveCfg = Release|Any CPU
		{0BC3B991-DA5D-4DBA-8985-A0B2CFCE620B}.Release|Any CPU.Build.0 = Release|Any CPU
		{D3C43D51-CC88-4E1B-97A2-4E7EC3DAE2FE}.Debug|Any CPU.ActiveCfg = Debug|Any CPU
		{D3C43D51-CC88-4E1B-97A2-4E7EC3DAE2FE}.Debug|Any CPU.Build.0 = Debug|Any CPU
		{D3C43D51-CC88-4E1B-97A2-4E7EC3DAE2FE}.Release|Any CPU.ActiveCfg = Release|Any CPU
		{D3C43D51-CC88-4E1B-97A2-4E7EC3DAE2FE}.Release|Any CPU.Build.0 = Release|Any CPU
		{77C42CDA-B969-478F-9268-C44E2C0159E0}.Debug|Any CPU.ActiveCfg = Debug|Any CPU
		{77C42CDA-B969-478F-9268-C44E2C0159E0}.Debug|Any CPU.Build.0 = Debug|Any CPU
		{77C42CDA-B969-478F-9268-C44E2C0159E0}.Release|Any CPU.ActiveCfg = Release|Any CPU
		{77C42CDA-B969-478F-9268-C44E2C0159E0}.Release|Any CPU.Build.0 = Release|Any CPU
		{AA8010EB-D207-4134-9655-7E80E0743FEE}.Debug|Any CPU.ActiveCfg = Debug|Any CPU
		{AA8010EB-D207-4134-9655-7E80E0743FEE}.Debug|Any CPU.Build.0 = Debug|Any CPU
		{AA8010EB-D207-4134-9655-7E80E0743FEE}.Release|Any CPU.ActiveCfg = Release|Any CPU
		{AA8010EB-D207-4134-9655-7E80E0743FEE}.Release|Any CPU.Build.0 = Release|Any CPU
		{FF307281-F0E7-4060-9F62-7D253677477D}.Debug|Any CPU.ActiveCfg = Debug|Any CPU
		{FF307281-F0E7-4060-9F62-7D253677477D}.Debug|Any CPU.Build.0 = Debug|Any CPU
		{FF307281-F0E7-4060-9F62-7D253677477D}.Release|Any CPU.ActiveCfg = Release|Any CPU
		{FF307281-F0E7-4060-9F62-7D253677477D}.Release|Any CPU.Build.0 = Release|Any CPU
		{12A7B180-0D28-40B5-A4C4-272C71F637FC}.Debug|Any CPU.ActiveCfg = Debug|Any CPU
		{12A7B180-0D28-40B5-A4C4-272C71F637FC}.Debug|Any CPU.Build.0 = Debug|Any CPU
		{12A7B180-0D28-40B5-A4C4-272C71F637FC}.Release|Any CPU.ActiveCfg = Release|Any CPU
		{12A7B180-0D28-40B5-A4C4-272C71F637FC}.Release|Any CPU.Build.0 = Release|Any CPU
		{14D1A771-A2E2-4DE2-B7A7-1C6138A9E8C4}.Debug|Any CPU.ActiveCfg = Debug|Any CPU
		{14D1A771-A2E2-4DE2-B7A7-1C6138A9E8C4}.Debug|Any CPU.Build.0 = Debug|Any CPU
		{14D1A771-A2E2-4DE2-B7A7-1C6138A9E8C4}.Release|Any CPU.ActiveCfg = Release|Any CPU
		{14D1A771-A2E2-4DE2-B7A7-1C6138A9E8C4}.Release|Any CPU.Build.0 = Release|Any CPU
		{2485549A-C3E4-4DD1-80EE-FA2899ED74F1}.Debug|Any CPU.ActiveCfg = Debug|Any CPU
		{2485549A-C3E4-4DD1-80EE-FA2899ED74F1}.Debug|Any CPU.Build.0 = Debug|Any CPU
		{2485549A-C3E4-4DD1-80EE-FA2899ED74F1}.Release|Any CPU.ActiveCfg = Release|Any CPU
		{2485549A-C3E4-4DD1-80EE-FA2899ED74F1}.Release|Any CPU.Build.0 = Release|Any CPU
		{C86CAA35-C93D-45AA-BC1A-3530DD048E41}.Debug|Any CPU.ActiveCfg = Debug|Any CPU
		{C86CAA35-C93D-45AA-BC1A-3530DD048E41}.Debug|Any CPU.Build.0 = Debug|Any CPU
		{C86CAA35-C93D-45AA-BC1A-3530DD048E41}.Release|Any CPU.ActiveCfg = Release|Any CPU
		{C86CAA35-C93D-45AA-BC1A-3530DD048E41}.Release|Any CPU.Build.0 = Release|Any CPU
		{71FC3C08-361F-4709-AE13-09B699833373}.Debug|Any CPU.ActiveCfg = Debug|Any CPU
		{71FC3C08-361F-4709-AE13-09B699833373}.Debug|Any CPU.Build.0 = Debug|Any CPU
		{71FC3C08-361F-4709-AE13-09B699833373}.Release|Any CPU.ActiveCfg = Release|Any CPU
		{71FC3C08-361F-4709-AE13-09B699833373}.Release|Any CPU.Build.0 = Release|Any CPU
		{E0BFC2F9-96BA-4A96-9562-97DA2B656BE3}.Debug|Any CPU.ActiveCfg = Debug|Any CPU
		{E0BFC2F9-96BA-4A96-9562-97DA2B656BE3}.Debug|Any CPU.Build.0 = Debug|Any CPU
		{E0BFC2F9-96BA-4A96-9562-97DA2B656BE3}.Release|Any CPU.ActiveCfg = Release|Any CPU
		{E0BFC2F9-96BA-4A96-9562-97DA2B656BE3}.Release|Any CPU.Build.0 = Release|Any CPU
		{D7A3ED92-048E-4789-85A2-15D58D885347}.Debug|Any CPU.ActiveCfg = Debug|Any CPU
		{D7A3ED92-048E-4789-85A2-15D58D885347}.Debug|Any CPU.Build.0 = Debug|Any CPU
		{D7A3ED92-048E-4789-85A2-15D58D885347}.Release|Any CPU.ActiveCfg = Release|Any CPU
		{D7A3ED92-048E-4789-85A2-15D58D885347}.Release|Any CPU.Build.0 = Release|Any CPU
		{5A23BE2E-EC8D-4515-88FC-F6AAF8B8BF34}.Debug|Any CPU.ActiveCfg = Debug|Any CPU
		{5A23BE2E-EC8D-4515-88FC-F6AAF8B8BF34}.Debug|Any CPU.Build.0 = Debug|Any CPU
		{5A23BE2E-EC8D-4515-88FC-F6AAF8B8BF34}.Release|Any CPU.ActiveCfg = Release|Any CPU
		{5A23BE2E-EC8D-4515-88FC-F6AAF8B8BF34}.Release|Any CPU.Build.0 = Release|Any CPU
		{AF1EE3FD-EE2B-4D4D-9FAA-B29CC449457A}.Debug|Any CPU.ActiveCfg = Debug|Any CPU
		{AF1EE3FD-EE2B-4D4D-9FAA-B29CC449457A}.Debug|Any CPU.Build.0 = Debug|Any CPU
		{AF1EE3FD-EE2B-4D4D-9FAA-B29CC449457A}.Release|Any CPU.ActiveCfg = Release|Any CPU
		{AF1EE3FD-EE2B-4D4D-9FAA-B29CC449457A}.Release|Any CPU.Build.0 = Release|Any CPU
		{FC401561-1259-4389-96DF-1C6B05E22031}.Debug|Any CPU.ActiveCfg = Debug|Any CPU
		{FC401561-1259-4389-96DF-1C6B05E22031}.Debug|Any CPU.Build.0 = Debug|Any CPU
		{FC401561-1259-4389-96DF-1C6B05E22031}.Release|Any CPU.ActiveCfg = Release|Any CPU
		{FC401561-1259-4389-96DF-1C6B05E22031}.Release|Any CPU.Build.0 = Release|Any CPU
		{BC442D6D-F43E-4AB9-B2E7-AEBAC3800001}.Debug|Any CPU.ActiveCfg = Debug|Any CPU
		{BC442D6D-F43E-4AB9-B2E7-AEBAC3800001}.Debug|Any CPU.Build.0 = Debug|Any CPU
		{BC442D6D-F43E-4AB9-B2E7-AEBAC3800001}.Release|Any CPU.ActiveCfg = Release|Any CPU
		{BC442D6D-F43E-4AB9-B2E7-AEBAC3800001}.Release|Any CPU.Build.0 = Release|Any CPU
		{D26D73F7-223D-42D0-8150-D450D536A468}.Debug|Any CPU.ActiveCfg = Debug|Any CPU
		{D26D73F7-223D-42D0-8150-D450D536A468}.Debug|Any CPU.Build.0 = Debug|Any CPU
		{D26D73F7-223D-42D0-8150-D450D536A468}.Release|Any CPU.ActiveCfg = Release|Any CPU
		{D26D73F7-223D-42D0-8150-D450D536A468}.Release|Any CPU.Build.0 = Release|Any CPU
		{97434E41-536A-4E5A-83E1-76C9A7BA8532}.Debug|Any CPU.ActiveCfg = Debug|Any CPU
		{97434E41-536A-4E5A-83E1-76C9A7BA8532}.Debug|Any CPU.Build.0 = Debug|Any CPU
		{97434E41-536A-4E5A-83E1-76C9A7BA8532}.Release|Any CPU.ActiveCfg = Release|Any CPU
		{97434E41-536A-4E5A-83E1-76C9A7BA8532}.Release|Any CPU.Build.0 = Release|Any CPU
		{3A5F98C8-B9F8-44A3-8271-80EBEA6DECF9}.Debug|Any CPU.ActiveCfg = Debug|Any CPU
		{3A5F98C8-B9F8-44A3-8271-80EBEA6DECF9}.Debug|Any CPU.Build.0 = Debug|Any CPU
		{3A5F98C8-B9F8-44A3-8271-80EBEA6DECF9}.Release|Any CPU.ActiveCfg = Release|Any CPU
		{3A5F98C8-B9F8-44A3-8271-80EBEA6DECF9}.Release|Any CPU.Build.0 = Release|Any CPU
		{A4750E48-AE97-4EC6-AC16-82B902A753DC}.Debug|Any CPU.ActiveCfg = Debug|Any CPU
		{A4750E48-AE97-4EC6-AC16-82B902A753DC}.Debug|Any CPU.Build.0 = Debug|Any CPU
		{A4750E48-AE97-4EC6-AC16-82B902A753DC}.Release|Any CPU.ActiveCfg = Release|Any CPU
		{A4750E48-AE97-4EC6-AC16-82B902A753DC}.Release|Any CPU.Build.0 = Release|Any CPU
		{3AEFD175-D6F2-4FF1-B081-ADF4B3C3AB21}.Debug|Any CPU.ActiveCfg = Debug|Any CPU
		{3AEFD175-D6F2-4FF1-B081-ADF4B3C3AB21}.Debug|Any CPU.Build.0 = Debug|Any CPU
		{3AEFD175-D6F2-4FF1-B081-ADF4B3C3AB21}.Release|Any CPU.ActiveCfg = Release|Any CPU
		{3AEFD175-D6F2-4FF1-B081-ADF4B3C3AB21}.Release|Any CPU.Build.0 = Release|Any CPU
		{C52D5AC7-CB51-40F7-8103-969B1A9DE291}.Debug|Any CPU.ActiveCfg = Debug|Any CPU
		{C52D5AC7-CB51-40F7-8103-969B1A9DE291}.Debug|Any CPU.Build.0 = Debug|Any CPU
		{C52D5AC7-CB51-40F7-8103-969B1A9DE291}.Release|Any CPU.ActiveCfg = Release|Any CPU
		{C52D5AC7-CB51-40F7-8103-969B1A9DE291}.Release|Any CPU.Build.0 = Release|Any CPU
		{412EF2A1-99D9-4A5B-AE68-09996EC91655}.Debug|Any CPU.ActiveCfg = Debug|Any CPU
		{412EF2A1-99D9-4A5B-AE68-09996EC91655}.Debug|Any CPU.Build.0 = Debug|Any CPU
		{412EF2A1-99D9-4A5B-AE68-09996EC91655}.Release|Any CPU.ActiveCfg = Release|Any CPU
		{412EF2A1-99D9-4A5B-AE68-09996EC91655}.Release|Any CPU.Build.0 = Release|Any CPU
		{F96C2538-F376-4791-88B3-5E7B4560B579}.Debug|Any CPU.ActiveCfg = Debug|Any CPU
		{F96C2538-F376-4791-88B3-5E7B4560B579}.Debug|Any CPU.Build.0 = Debug|Any CPU
		{F96C2538-F376-4791-88B3-5E7B4560B579}.Release|Any CPU.ActiveCfg = Release|Any CPU
		{F96C2538-F376-4791-88B3-5E7B4560B579}.Release|Any CPU.Build.0 = Release|Any CPU
		{4E188484-ABC7-4B24-ACA5-5479DB8EB20C}.Debug|Any CPU.ActiveCfg = Debug|Any CPU
		{4E188484-ABC7-4B24-ACA5-5479DB8EB20C}.Debug|Any CPU.Build.0 = Debug|Any CPU
		{4E188484-ABC7-4B24-ACA5-5479DB8EB20C}.Release|Any CPU.ActiveCfg = Release|Any CPU
		{4E188484-ABC7-4B24-ACA5-5479DB8EB20C}.Release|Any CPU.Build.0 = Release|Any CPU
		{91544448-0C8E-4FA3-BB42-581D708F634E}.Debug|Any CPU.ActiveCfg = Debug|Any CPU
		{91544448-0C8E-4FA3-BB42-581D708F634E}.Debug|Any CPU.Build.0 = Debug|Any CPU
		{91544448-0C8E-4FA3-BB42-581D708F634E}.Release|Any CPU.ActiveCfg = Release|Any CPU
		{91544448-0C8E-4FA3-BB42-581D708F634E}.Release|Any CPU.Build.0 = Release|Any CPU
		{8B251FD9-8F40-458B-AF76-C660AFA3F51F}.Debug|Any CPU.ActiveCfg = Debug|Any CPU
		{8B251FD9-8F40-458B-AF76-C660AFA3F51F}.Debug|Any CPU.Build.0 = Debug|Any CPU
		{8B251FD9-8F40-458B-AF76-C660AFA3F51F}.Release|Any CPU.ActiveCfg = Release|Any CPU
		{8B251FD9-8F40-458B-AF76-C660AFA3F51F}.Release|Any CPU.Build.0 = Release|Any CPU
		{87BCCACB-F7F9-4581-8FDB-1F557897BF99}.Debug|Any CPU.ActiveCfg = Debug|Any CPU
		{87BCCACB-F7F9-4581-8FDB-1F557897BF99}.Debug|Any CPU.Build.0 = Debug|Any CPU
		{87BCCACB-F7F9-4581-8FDB-1F557897BF99}.Release|Any CPU.ActiveCfg = Release|Any CPU
		{87BCCACB-F7F9-4581-8FDB-1F557897BF99}.Release|Any CPU.Build.0 = Release|Any CPU
		{A8E2937A-2D5A-4A2F-9961-D0A4355D6BB8}.Debug|Any CPU.ActiveCfg = Debug|Any CPU
		{A8E2937A-2D5A-4A2F-9961-D0A4355D6BB8}.Debug|Any CPU.Build.0 = Debug|Any CPU
		{A8E2937A-2D5A-4A2F-9961-D0A4355D6BB8}.Release|Any CPU.ActiveCfg = Release|Any CPU
		{A8E2937A-2D5A-4A2F-9961-D0A4355D6BB8}.Release|Any CPU.Build.0 = Release|Any CPU
		{2ADA1BAB-CEFB-4237-8E7C-4D0D345925AB}.Debug|Any CPU.ActiveCfg = Debug|Any CPU
		{2ADA1BAB-CEFB-4237-8E7C-4D0D345925AB}.Debug|Any CPU.Build.0 = Debug|Any CPU
		{2ADA1BAB-CEFB-4237-8E7C-4D0D345925AB}.Release|Any CPU.ActiveCfg = Release|Any CPU
		{2ADA1BAB-CEFB-4237-8E7C-4D0D345925AB}.Release|Any CPU.Build.0 = Release|Any CPU
	EndGlobalSection
	GlobalSection(SolutionProperties) = preSolution
		HideSolutionNode = FALSE
	EndGlobalSection
	GlobalSection(NestedProjects) = preSolution
		{378110AA-C638-4F39-909B-9E678F791749} = {4E432545-B05E-45F1-A7A6-047B63C80CFF}
		{40CA16EB-47CA-4DE2-9BA4-32F25D25E8AC} = {886525A5-286C-412E-9C3A-3E6452A06F0A}
		{0BC3B991-DA5D-4DBA-8985-A0B2CFCE620B} = {631704CA-1CFF-4912-9183-3A9114BE6A12}
		{D3C43D51-CC88-4E1B-97A2-4E7EC3DAE2FE} = {A097A450-15BD-401A-8204-E24A3B4D177E}
		{C7B53896-0633-4B1F-A5C8-D9302C48C6D9} = {88C01501-352E-4A12-97F1-02F6CADB9151}
		{77C42CDA-B969-478F-9268-C44E2C0159E0} = {C7B53896-0633-4B1F-A5C8-D9302C48C6D9}
		{AA8010EB-D207-4134-9655-7E80E0743FEE} = {E1F1C776-95A2-4AB3-8F5F-A6F13A435BE5}
		{FF307281-F0E7-4060-9F62-7D253677477D} = {D57179E8-DCEC-4226-BB4A-7ADA0F8BCE09}
		{12A7B180-0D28-40B5-A4C4-272C71F637FC} = {77A411E8-CFE7-4096-B7AC-A28B7F75F1B1}
		{14D1A771-A2E2-4DE2-B7A7-1C6138A9E8C4} = {A5D5F58A-94D9-498E-B20F-1856F6A3B11D}
		{2485549A-C3E4-4DD1-80EE-FA2899ED74F1} = {A5D5F58A-94D9-498E-B20F-1856F6A3B11D}
		{C86CAA35-C93D-45AA-BC1A-3530DD048E41} = {DC0F70DA-8B04-4D2A-A5CD-DCFD69CA0936}
		{71FC3C08-361F-4709-AE13-09B699833373} = {DC0F70DA-8B04-4D2A-A5CD-DCFD69CA0936}
		{E0BFC2F9-96BA-4A96-9562-97DA2B656BE3} = {DC0F70DA-8B04-4D2A-A5CD-DCFD69CA0936}
		{D7A3ED92-048E-4789-85A2-15D58D885347} = {9BFE21B6-C432-472A-B983-BA864CCA87DC}
		{5A23BE2E-EC8D-4515-88FC-F6AAF8B8BF34} = {9BFE21B6-C432-472A-B983-BA864CCA87DC}
		{AF1EE3FD-EE2B-4D4D-9FAA-B29CC449457A} = {9BFE21B6-C432-472A-B983-BA864CCA87DC}
		{FC401561-1259-4389-96DF-1C6B05E22031} = {9BFE21B6-C432-472A-B983-BA864CCA87DC}
		{BC442D6D-F43E-4AB9-B2E7-AEBAC3800001} = {9BFE21B6-C432-472A-B983-BA864CCA87DC}
		{D26D73F7-223D-42D0-8150-D450D536A468} = {EBECA0A9-D4BA-44EB-8B98-A4E00E0008DB}
		{97434E41-536A-4E5A-83E1-76C9A7BA8532} = {06C3D200-DC96-4E78-ACA0-4B26C4735424}
		{3A5F98C8-B9F8-44A3-8271-80EBEA6DECF9} = {06C3D200-DC96-4E78-ACA0-4B26C4735424}
		{A4750E48-AE97-4EC6-AC16-82B902A753DC} = {06C3D200-DC96-4E78-ACA0-4B26C4735424}
		{3AEFD175-D6F2-4FF1-B081-ADF4B3C3AB21} = {DED211E3-46E5-4EED-BC27-F450FA880315}
		{C52D5AC7-CB51-40F7-8103-969B1A9DE291} = {CDF95B48-0D3D-43C1-A970-7A4CF9BC0E42}
		{412EF2A1-99D9-4A5B-AE68-09996EC91655} = {CDF95B48-0D3D-43C1-A970-7A4CF9BC0E42}
		{F96C2538-F376-4791-88B3-5E7B4560B579} = {96513259-85D2-4F23-A7EE-C698A9C60FB4}
		{4E188484-ABC7-4B24-ACA5-5479DB8EB20C} = {A51A1131-E650-49E8-BFAA-AF0279CC0BCF}
		{91544448-0C8E-4FA3-BB42-581D708F634E} = {A51A1131-E650-49E8-BFAA-AF0279CC0BCF}
		{8B251FD9-8F40-458B-AF76-C660AFA3F51F} = {A51A1131-E650-49E8-BFAA-AF0279CC0BCF}
		{87BCCACB-F7F9-4581-8FDB-1F557897BF99} = {DD742BB5-BC5A-4AEC-BD44-84029E122438}
		{A8E2937A-2D5A-4A2F-9961-D0A4355D6BB8} = {DD742BB5-BC5A-4AEC-BD44-84029E122438}
		{2ADA1BAB-CEFB-4237-8E7C-4D0D345925AB} = {02EA681E-C7D8-13C7-8484-4AC65E1B71E8}
	EndGlobalSection
	GlobalSection(ExtensibilityGlobals) = postSolution
		SolutionGuid = {A9C1967A-FB45-46D2-8545-5ED53F4569A7}
	EndGlobalSection
EndGlobal
